// !$*UTF8*$!
{
	archiveVersion = 1;
	classes = {
	};
	objectVersion = 55;
	objects = {

/* Begin PBXBuildFile section */
		93817B9B27E0AFEA00209340 /* AppDelegate.swift in Sources */ = {isa = PBXBuildFile; fileRef = 93817B9A27E0AFEA00209340 /* AppDelegate.swift */; };
		93817B9D27E0AFEA00209340 /* SceneDelegate.swift in Sources */ = {isa = PBXBuildFile; fileRef = 93817B9C27E0AFEA00209340 /* SceneDelegate.swift */; };
		93817B9F27E0AFEA00209340 /* ViewController.swift in Sources */ = {isa = PBXBuildFile; fileRef = 93817B9E27E0AFEA00209340 /* ViewController.swift */; };
		93817BA227E0AFEA00209340 /* Main.storyboard in Resources */ = {isa = PBXBuildFile; fileRef = 93817BA027E0AFEA00209340 /* Main.storyboard */; };
		93817BA427E0AFEB00209340 /* Assets.xcassets in Resources */ = {isa = PBXBuildFile; fileRef = 93817BA327E0AFEB00209340 /* Assets.xcassets */; };
		93817BA727E0AFEB00209340 /* LaunchScreen.storyboard in Resources */ = {isa = PBXBuildFile; fileRef = 93817BA527E0AFEB00209340 /* LaunchScreen.storyboard */; };
		93817BB227E0AFEB00209340 /* swiftSerieTVTests.swift in Sources */ = {isa = PBXBuildFile; fileRef = 93817BB127E0AFEB00209340 /* swiftSerieTVTests.swift */; };
		93817BBC27E0AFEB00209340 /* swiftSerieTVUITests.swift in Sources */ = {isa = PBXBuildFile; fileRef = 93817BBB27E0AFEB00209340 /* swiftSerieTVUITests.swift */; };
		93817BBE27E0AFEB00209340 /* swiftSerieTVUITestsLaunchTests.swift in Sources */ = {isa = PBXBuildFile; fileRef = 93817BBD27E0AFEB00209340 /* swiftSerieTVUITestsLaunchTests.swift */; };
		93817BCD27E0D64500209340 /* CollectionViewController.swift in Sources */ = {isa = PBXBuildFile; fileRef = 93817BCC27E0D64500209340 /* CollectionViewController.swift */; };
		93B121E827E1EA2C00C538DE /* SerieDetailsViewController.swift in Sources */ = {isa = PBXBuildFile; fileRef = 93B121E727E1EA2C00C538DE /* SerieDetailsViewController.swift */; };
		93B121EA27E1FAB900C538DE /* Serie.swift in Sources */ = {isa = PBXBuildFile; fileRef = 93B121E927E1FAB900C538DE /* Serie.swift */; };
/* End PBXBuildFile section */

/* Begin PBXContainerItemProxy section */
		93817BAE27E0AFEB00209340 /* PBXContainerItemProxy */ = {
			isa = PBXContainerItemProxy;
			containerPortal = 93817B8F27E0AFEA00209340 /* Project object */;
			proxyType = 1;
			remoteGlobalIDString = 93817B9627E0AFEA00209340;
			remoteInfo = swiftSerieTV;
		};
		93817BB827E0AFEB00209340 /* PBXContainerItemProxy */ = {
			isa = PBXContainerItemProxy;
			containerPortal = 93817B8F27E0AFEA00209340 /* Project object */;
			proxyType = 1;
			remoteGlobalIDString = 93817B9627E0AFEA00209340;
			remoteInfo = swiftSerieTV;
		};
/* End PBXContainerItemProxy section */

/* Begin PBXFileReference section */
		93817B9727E0AFEA00209340 /* swiftSerieTV.app */ = {isa = PBXFileReference; explicitFileType = wrapper.application; includeInIndex = 0; path = swiftSerieTV.app; sourceTree = BUILT_PRODUCTS_DIR; };
		93817B9A27E0AFEA00209340 /* AppDelegate.swift */ = {isa = PBXFileReference; lastKnownFileType = sourcecode.swift; path = AppDelegate.swift; sourceTree = "<group>"; };
		93817B9C27E0AFEA00209340 /* SceneDelegate.swift */ = {isa = PBXFileReference; lastKnownFileType = sourcecode.swift; path = SceneDelegate.swift; sourceTree = "<group>"; };
		93817B9E27E0AFEA00209340 /* ViewController.swift */ = {isa = PBXFileReference; lastKnownFileType = sourcecode.swift; path = ViewController.swift; sourceTree = "<group>"; };
		93817BA127E0AFEA00209340 /* Base */ = {isa = PBXFileReference; lastKnownFileType = file.storyboard; name = Base; path = Base.lproj/Main.storyboard; sourceTree = "<group>"; };
		93817BA327E0AFEB00209340 /* Assets.xcassets */ = {isa = PBXFileReference; lastKnownFileType = folder.assetcatalog; path = Assets.xcassets; sourceTree = "<group>"; };
		93817BA627E0AFEB00209340 /* Base */ = {isa = PBXFileReference; lastKnownFileType = file.storyboard; name = Base; path = Base.lproj/LaunchScreen.storyboard; sourceTree = "<group>"; };
		93817BA827E0AFEB00209340 /* Info.plist */ = {isa = PBXFileReference; lastKnownFileType = text.plist.xml; path = Info.plist; sourceTree = "<group>"; };
		93817BAD27E0AFEB00209340 /* swiftSerieTVTests.xctest */ = {isa = PBXFileReference; explicitFileType = wrapper.cfbundle; includeInIndex = 0; path = swiftSerieTVTests.xctest; sourceTree = BUILT_PRODUCTS_DIR; };
		93817BB127E0AFEB00209340 /* swiftSerieTVTests.swift */ = {isa = PBXFileReference; lastKnownFileType = sourcecode.swift; path = swiftSerieTVTests.swift; sourceTree = "<group>"; };
		93817BB727E0AFEB00209340 /* swiftSerieTVUITests.xctest */ = {isa = PBXFileReference; explicitFileType = wrapper.cfbundle; includeInIndex = 0; path = swiftSerieTVUITests.xctest; sourceTree = BUILT_PRODUCTS_DIR; };
		93817BBB27E0AFEB00209340 /* swiftSerieTVUITests.swift */ = {isa = PBXFileReference; lastKnownFileType = sourcecode.swift; path = swiftSerieTVUITests.swift; sourceTree = "<group>"; };
		93817BBD27E0AFEB00209340 /* swiftSerieTVUITestsLaunchTests.swift */ = {isa = PBXFileReference; lastKnownFileType = sourcecode.swift; path = swiftSerieTVUITestsLaunchTests.swift; sourceTree = "<group>"; };
		93817BCC27E0D64500209340 /* CollectionViewController.swift */ = {isa = PBXFileReference; lastKnownFileType = sourcecode.swift; path = CollectionViewController.swift; sourceTree = "<group>"; };
		93B121E727E1EA2C00C538DE /* SerieDetailsViewController.swift */ = {isa = PBXFileReference; lastKnownFileType = sourcecode.swift; path = SerieDetailsViewController.swift; sourceTree = "<group>"; };
		93B121E927E1FAB900C538DE /* Serie.swift */ = {isa = PBXFileReference; lastKnownFileType = sourcecode.swift; path = Serie.swift; sourceTree = "<group>"; };
/* End PBXFileReference section */

/* Begin PBXFrameworksBuildPhase section */
		93817B9427E0AFEA00209340 /* Frameworks */ = {
			isa = PBXFrameworksBuildPhase;
			buildActionMask = 2147483647;
			files = (
			);
			runOnlyForDeploymentPostprocessing = 0;
		};
		93817BAA27E0AFEB00209340 /* Frameworks */ = {
			isa = PBXFrameworksBuildPhase;
			buildActionMask = 2147483647;
			files = (
			);
			runOnlyForDeploymentPostprocessing = 0;
		};
		93817BB427E0AFEB00209340 /* Frameworks */ = {
			isa = PBXFrameworksBuildPhase;
			buildActionMask = 2147483647;
			files = (
			);
			runOnlyForDeploymentPostprocessing = 0;
		};
/* End PBXFrameworksBuildPhase section */

/* Begin PBXGroup section */
		93817B8E27E0AFEA00209340 = {
			isa = PBXGroup;
			children = (
				93817B9927E0AFEA00209340 /* swiftSerieTV */,
				93817BB027E0AFEB00209340 /* swiftSerieTVTests */,
				93817BBA27E0AFEB00209340 /* swiftSerieTVUITests */,
				93817B9827E0AFEA00209340 /* Products */,
			);
			sourceTree = "<group>";
		};
		93817B9827E0AFEA00209340 /* Products */ = {
			isa = PBXGroup;
			children = (
				93817B9727E0AFEA00209340 /* swiftSerieTV.app */,
				93817BAD27E0AFEB00209340 /* swiftSerieTVTests.xctest */,
				93817BB727E0AFEB00209340 /* swiftSerieTVUITests.xctest */,
			);
			name = Products;
			sourceTree = "<group>";
		};
		93817B9927E0AFEA00209340 /* swiftSerieTV */ = {
			isa = PBXGroup;
			children = (
				93817B9A27E0AFEA00209340 /* AppDelegate.swift */,
				93817B9C27E0AFEA00209340 /* SceneDelegate.swift */,
				93817B9E27E0AFEA00209340 /* ViewController.swift */,
				93817BCC27E0D64500209340 /* CollectionViewController.swift */,
				93B121E927E1FAB900C538DE /* Serie.swift */,
				93B121E727E1EA2C00C538DE /* SerieDetailsViewController.swift */,
				93817BA027E0AFEA00209340 /* Main.storyboard */,
				93817BA327E0AFEB00209340 /* Assets.xcassets */,
				93817BA527E0AFEB00209340 /* LaunchScreen.storyboard */,
				93817BA827E0AFEB00209340 /* Info.plist */,
			);
			path = swiftSerieTV;
			sourceTree = "<group>";
		};
		93817BB027E0AFEB00209340 /* swiftSerieTVTests */ = {
			isa = PBXGroup;
			children = (
				93817BB127E0AFEB00209340 /* swiftSerieTVTests.swift */,
			);
			path = swiftSerieTVTests;
			sourceTree = "<group>";
		};
		93817BBA27E0AFEB00209340 /* swiftSerieTVUITests */ = {
			isa = PBXGroup;
			children = (
				93817BBB27E0AFEB00209340 /* swiftSerieTVUITests.swift */,
				93817BBD27E0AFEB00209340 /* swiftSerieTVUITestsLaunchTests.swift */,
			);
			path = swiftSerieTVUITests;
			sourceTree = "<group>";
		};
/* End PBXGroup section */

/* Begin PBXNativeTarget section */
		93817B9627E0AFEA00209340 /* swiftSerieTV */ = {
			isa = PBXNativeTarget;
			buildConfigurationList = 93817BC127E0AFEB00209340 /* Build configuration list for PBXNativeTarget "swiftSerieTV" */;
			buildPhases = (
				93817B9327E0AFEA00209340 /* Sources */,
				93817B9427E0AFEA00209340 /* Frameworks */,
				93817B9527E0AFEA00209340 /* Resources */,
			);
			buildRules = (
			);
			dependencies = (
			);
			name = swiftSerieTV;
			productName = swiftSerieTV;
			productReference = 93817B9727E0AFEA00209340 /* swiftSerieTV.app */;
			productType = "com.apple.product-type.application";
		};
		93817BAC27E0AFEB00209340 /* swiftSerieTVTests */ = {
			isa = PBXNativeTarget;
			buildConfigurationList = 93817BC427E0AFEB00209340 /* Build configuration list for PBXNativeTarget "swiftSerieTVTests" */;
			buildPhases = (
				93817BA927E0AFEB00209340 /* Sources */,
				93817BAA27E0AFEB00209340 /* Frameworks */,
				93817BAB27E0AFEB00209340 /* Resources */,
			);
			buildRules = (
			);
			dependencies = (
				93817BAF27E0AFEB00209340 /* PBXTargetDependency */,
			);
			name = swiftSerieTVTests;
			productName = swiftSerieTVTests;
			productReference = 93817BAD27E0AFEB00209340 /* swiftSerieTVTests.xctest */;
			productType = "com.apple.product-type.bundle.unit-test";
		};
		93817BB627E0AFEB00209340 /* swiftSerieTVUITests */ = {
			isa = PBXNativeTarget;
			buildConfigurationList = 93817BC727E0AFEB00209340 /* Build configuration list for PBXNativeTarget "swiftSerieTVUITests" */;
			buildPhases = (
				93817BB327E0AFEB00209340 /* Sources */,
				93817BB427E0AFEB00209340 /* Frameworks */,
				93817BB527E0AFEB00209340 /* Resources */,
			);
			buildRules = (
			);
			dependencies = (
				93817BB927E0AFEB00209340 /* PBXTargetDependency */,
			);
			name = swiftSerieTVUITests;
			productName = swiftSerieTVUITests;
			productReference = 93817BB727E0AFEB00209340 /* swiftSerieTVUITests.xctest */;
			productType = "com.apple.product-type.bundle.ui-testing";
		};
/* End PBXNativeTarget section */

/* Begin PBXProject section */
		93817B8F27E0AFEA00209340 /* Project object */ = {
			isa = PBXProject;
			attributes = {
				BuildIndependentTargetsInParallel = 1;
				LastSwiftUpdateCheck = 1320;
				LastUpgradeCheck = 1320;
				TargetAttributes = {
					93817B9627E0AFEA00209340 = {
						CreatedOnToolsVersion = 13.2.1;
					};
					93817BAC27E0AFEB00209340 = {
						CreatedOnToolsVersion = 13.2.1;
						TestTargetID = 93817B9627E0AFEA00209340;
					};
					93817BB627E0AFEB00209340 = {
						CreatedOnToolsVersion = 13.2.1;
						TestTargetID = 93817B9627E0AFEA00209340;
					};
				};
			};
			buildConfigurationList = 93817B9227E0AFEA00209340 /* Build configuration list for PBXProject "swiftSerieTV" */;
			compatibilityVersion = "Xcode 13.0";
			developmentRegion = en;
			hasScannedForEncodings = 0;
			knownRegions = (
				en,
				Base,
			);
			mainGroup = 93817B8E27E0AFEA00209340;
			productRefGroup = 93817B9827E0AFEA00209340 /* Products */;
			projectDirPath = "";
			projectRoot = "";
			targets = (
				93817B9627E0AFEA00209340 /* swiftSerieTV */,
				93817BAC27E0AFEB00209340 /* swiftSerieTVTests */,
				93817BB627E0AFEB00209340 /* swiftSerieTVUITests */,
			);
		};
/* End PBXProject section */

/* Begin PBXResourcesBuildPhase section */
		93817B9527E0AFEA00209340 /* Resources */ = {
			isa = PBXResourcesBuildPhase;
			buildActionMask = 2147483647;
			files = (
				93817BA727E0AFEB00209340 /* LaunchScreen.storyboard in Resources */,
				93817BA427E0AFEB00209340 /* Assets.xcassets in Resources */,
				93817BA227E0AFEA00209340 /* Main.storyboard in Resources */,
			);
			runOnlyForDeploymentPostprocessing = 0;
		};
		93817BAB27E0AFEB00209340 /* Resources */ = {
			isa = PBXResourcesBuildPhase;
			buildActionMask = 2147483647;
			files = (
			);
			runOnlyForDeploymentPostprocessing = 0;
		};
		93817BB527E0AFEB00209340 /* Resources */ = {
			isa = PBXResourcesBuildPhase;
			buildActionMask = 2147483647;
			files = (
			);
			runOnlyForDeploymentPostprocessing = 0;
		};
/* End PBXResourcesBuildPhase section */

/* Begin PBXSourcesBuildPhase section */
		93817B9327E0AFEA00209340 /* Sources */ = {
			isa = PBXSourcesBuildPhase;
			buildActionMask = 2147483647;
			files = (
				93817BCD27E0D64500209340 /* CollectionViewController.swift in Sources */,
				93817B9F27E0AFEA00209340 /* ViewController.swift in Sources */,
				93B121EA27E1FAB900C538DE /* Serie.swift in Sources */,
				93817B9B27E0AFEA00209340 /* AppDelegate.swift in Sources */,
				93B121E827E1EA2C00C538DE /* SerieDetailsViewController.swift in Sources */,
				93817B9D27E0AFEA00209340 /* SceneDelegate.swift in Sources */,
			);
			runOnlyForDeploymentPostprocessing = 0;
		};
		93817BA927E0AFEB00209340 /* Sources */ = {
			isa = PBXSourcesBuildPhase;
			buildActionMask = 2147483647;
			files = (
				93817BB227E0AFEB00209340 /* swiftSerieTVTests.swift in Sources */,
			);
			runOnlyForDeploymentPostprocessing = 0;
		};
		93817BB327E0AFEB00209340 /* Sources */ = {
			isa = PBXSourcesBuildPhase;
			buildActionMask = 2147483647;
			files = (
				93817BBC27E0AFEB00209340 /* swiftSerieTVUITests.swift in Sources */,
				93817BBE27E0AFEB00209340 /* swiftSerieTVUITestsLaunchTests.swift in Sources */,
			);
			runOnlyForDeploymentPostprocessing = 0;
		};
/* End PBXSourcesBuildPhase section */

/* Begin PBXTargetDependency section */
		93817BAF27E0AFEB00209340 /* PBXTargetDependency */ = {
			isa = PBXTargetDependency;
			target = 93817B9627E0AFEA00209340 /* swiftSerieTV */;
			targetProxy = 93817BAE27E0AFEB00209340 /* PBXContainerItemProxy */;
		};
		93817BB927E0AFEB00209340 /* PBXTargetDependency */ = {
			isa = PBXTargetDependency;
			target = 93817B9627E0AFEA00209340 /* swiftSerieTV */;
			targetProxy = 93817BB827E0AFEB00209340 /* PBXContainerItemProxy */;
		};
/* End PBXTargetDependency section */

/* Begin PBXVariantGroup section */
		93817BA027E0AFEA00209340 /* Main.storyboard */ = {
			isa = PBXVariantGroup;
			children = (
				93817BA127E0AFEA00209340 /* Base */,
			);
			name = Main.storyboard;
			sourceTree = "<group>";
		};
		93817BA527E0AFEB00209340 /* LaunchScreen.storyboard */ = {
			isa = PBXVariantGroup;
			children = (
				93817BA627E0AFEB00209340 /* Base */,
			);
			name = LaunchScreen.storyboard;
			sourceTree = "<group>";
		};
/* End PBXVariantGroup section */

/* Begin XCBuildConfiguration section */
		93817BBF27E0AFEB00209340 /* Debug */ = {
			isa = XCBuildConfiguration;
			buildSettings = {
				ALWAYS_SEARCH_USER_PATHS = NO;
				CLANG_ANALYZER_NONNULL = YES;
				CLANG_ANALYZER_NUMBER_OBJECT_CONVERSION = YES_AGGRESSIVE;
				CLANG_CXX_LANGUAGE_STANDARD = "gnu++17";
				CLANG_CXX_LIBRARY = "libc++";
				CLANG_ENABLE_MODULES = YES;
				CLANG_ENABLE_OBJC_ARC = YES;
				CLANG_ENABLE_OBJC_WEAK = YES;
				CLANG_WARN_BLOCK_CAPTURE_AUTORELEASING = YES;
				CLANG_WARN_BOOL_CONVERSION = YES;
				CLANG_WARN_COMMA = YES;
				CLANG_WARN_CONSTANT_CONVERSION = YES;
				CLANG_WARN_DEPRECATED_OBJC_IMPLEMENTATIONS = YES;
				CLANG_WARN_DIRECT_OBJC_ISA_USAGE = YES_ERROR;
				CLANG_WARN_DOCUMENTATION_COMMENTS = YES;
				CLANG_WARN_EMPTY_BODY = YES;
				CLANG_WARN_ENUM_CONVERSION = YES;
				CLANG_WARN_INFINITE_RECURSION = YES;
				CLANG_WARN_INT_CONVERSION = YES;
				CLANG_WARN_NON_LITERAL_NULL_CONVERSION = YES;
				CLANG_WARN_OBJC_IMPLICIT_RETAIN_SELF = YES;
				CLANG_WARN_OBJC_LITERAL_CONVERSION = YES;
				CLANG_WARN_OBJC_ROOT_CLASS = YES_ERROR;
				CLANG_WARN_QUOTED_INCLUDE_IN_FRAMEWORK_HEADER = YES;
				CLANG_WARN_RANGE_LOOP_ANALYSIS = YES;
				CLANG_WARN_STRICT_PROTOTYPES = YES;
				CLANG_WARN_SUSPICIOUS_MOVE = YES;
				CLANG_WARN_UNGUARDED_AVAILABILITY = YES_AGGRESSIVE;
				CLANG_WARN_UNREACHABLE_CODE = YES;
				CLANG_WARN__DUPLICATE_METHOD_MATCH = YES;
				COPY_PHASE_STRIP = NO;
				DEBUG_INFORMATION_FORMAT = dwarf;
				ENABLE_STRICT_OBJC_MSGSEND = YES;
				ENABLE_TESTABILITY = YES;
				GCC_C_LANGUAGE_STANDARD = gnu11;
				GCC_DYNAMIC_NO_PIC = NO;
				GCC_NO_COMMON_BLOCKS = YES;
				GCC_OPTIMIZATION_LEVEL = 0;
				GCC_PREPROCESSOR_DEFINITIONS = (
					"DEBUG=1",
					"$(inherited)",
				);
				GCC_WARN_64_TO_32_BIT_CONVERSION = YES;
				GCC_WARN_ABOUT_RETURN_TYPE = YES_ERROR;
				GCC_WARN_UNDECLARED_SELECTOR = YES;
				GCC_WARN_UNINITIALIZED_AUTOS = YES_AGGRESSIVE;
				GCC_WARN_UNUSED_FUNCTION = YES;
				GCC_WARN_UNUSED_VARIABLE = YES;
				IPHONEOS_DEPLOYMENT_TARGET = 15.2;
				MTL_ENABLE_DEBUG_INFO = INCLUDE_SOURCE;
				MTL_FAST_MATH = YES;
				ONLY_ACTIVE_ARCH = YES;
				SDKROOT = iphoneos;
				SWIFT_ACTIVE_COMPILATION_CONDITIONS = DEBUG;
				SWIFT_OPTIMIZATION_LEVEL = "-Onone";
			};
			name = Debug;
		};
		93817BC027E0AFEB00209340 /* Release */ = {
			isa = XCBuildConfiguration;
			buildSettings = {
				ALWAYS_SEARCH_USER_PATHS = NO;
				CLANG_ANALYZER_NONNULL = YES;
				CLANG_ANALYZER_NUMBER_OBJECT_CONVERSION = YES_AGGRESSIVE;
				CLANG_CXX_LANGUAGE_STANDARD = "gnu++17";
				CLANG_CXX_LIBRARY = "libc++";
				CLANG_ENABLE_MODULES = YES;
				CLANG_ENABLE_OBJC_ARC = YES;
				CLANG_ENABLE_OBJC_WEAK = YES;
				CLANG_WARN_BLOCK_CAPTURE_AUTORELEASING = YES;
				CLANG_WARN_BOOL_CONVERSION = YES;
				CLANG_WARN_COMMA = YES;
				CLANG_WARN_CONSTANT_CONVERSION = YES;
				CLANG_WARN_DEPRECATED_OBJC_IMPLEMENTATIONS = YES;
				CLANG_WARN_DIRECT_OBJC_ISA_USAGE = YES_ERROR;
				CLANG_WARN_DOCUMENTATION_COMMENTS = YES;
				CLANG_WARN_EMPTY_BODY = YES;
				CLANG_WARN_ENUM_CONVERSION = YES;
				CLANG_WARN_INFINITE_RECURSION = YES;
				CLANG_WARN_INT_CONVERSION = YES;
				CLANG_WARN_NON_LITERAL_NULL_CONVERSION = YES;
				CLANG_WARN_OBJC_IMPLICIT_RETAIN_SELF = YES;
				CLANG_WARN_OBJC_LITERAL_CONVERSION = YES;
				CLANG_WARN_OBJC_ROOT_CLASS = YES_ERROR;
				CLANG_WARN_QUOTED_INCLUDE_IN_FRAMEWORK_HEADER = YES;
				CLANG_WARN_RANGE_LOOP_ANALYSIS = YES;
				CLANG_WARN_STRICT_PROTOTYPES = YES;
				CLANG_WARN_SUSPICIOUS_MOVE = YES;
				CLANG_WARN_UNGUARDED_AVAILABILITY = YES_AGGRESSIVE;
				CLANG_WARN_UNREACHABLE_CODE = YES;
				CLANG_WARN__DUPLICATE_METHOD_MATCH = YES;
				COPY_PHASE_STRIP = NO;
				DEBUG_INFORMATION_FORMAT = "dwarf-with-dsym";
				ENABLE_NS_ASSERTIONS = NO;
				ENABLE_STRICT_OBJC_MSGSEND = YES;
				GCC_C_LANGUAGE_STANDARD = gnu11;
				GCC_NO_COMMON_BLOCKS = YES;
				GCC_WARN_64_TO_32_BIT_CONVERSION = YES;
				GCC_WARN_ABOUT_RETURN_TYPE = YES_ERROR;
				GCC_WARN_UNDECLARED_SELECTOR = YES;
				GCC_WARN_UNINITIALIZED_AUTOS = YES_AGGRESSIVE;
				GCC_WARN_UNUSED_FUNCTION = YES;
				GCC_WARN_UNUSED_VARIABLE = YES;
				IPHONEOS_DEPLOYMENT_TARGET = 15.2;
				MTL_ENABLE_DEBUG_INFO = NO;
				MTL_FAST_MATH = YES;
				SDKROOT = iphoneos;
				SWIFT_COMPILATION_MODE = wholemodule;
				SWIFT_OPTIMIZATION_LEVEL = "-O";
				VALIDATE_PRODUCT = YES;
			};
			name = Release;
		};
		93817BC227E0AFEB00209340 /* Debug */ = {
			isa = XCBuildConfiguration;
			buildSettings = {
				ASSETCATALOG_COMPILER_APPICON_NAME = AppIcon;
				ASSETCATALOG_COMPILER_GLOBAL_ACCENT_COLOR_NAME = AccentColor;
				CODE_SIGN_STYLE = Automatic;
				CURRENT_PROJECT_VERSION = 1;
				GENERATE_INFOPLIST_FILE = YES;
				INFOPLIST_FILE = swiftSerieTV/Info.plist;
				INFOPLIST_KEY_UIApplicationSupportsIndirectInputEvents = YES;
				INFOPLIST_KEY_UILaunchStoryboardName = LaunchScreen;
				INFOPLIST_KEY_UIMainStoryboardFile = Main;
				INFOPLIST_KEY_UISupportedInterfaceOrientations_iPad = "UIInterfaceOrientationPortrait UIInterfaceOrientationPortraitUpsideDown UIInterfaceOrientationLandscapeLeft UIInterfaceOrientationLandscapeRight";
				INFOPLIST_KEY_UISupportedInterfaceOrientations_iPhone = "UIInterfaceOrientationPortrait UIInterfaceOrientationLandscapeLeft UIInterfaceOrientationLandscapeRight";
				LD_RUNPATH_SEARCH_PATHS = (
					"$(inherited)",
					"@executable_path/Frameworks",
				);
				MARKETING_VERSION = 1.0;
				PRODUCT_BUNDLE_IDENTIFIER = "pol-batou.swiftSerieTV";
				PRODUCT_NAME = "$(TARGET_NAME)";
				SWIFT_EMIT_LOC_STRINGS = YES;
				SWIFT_VERSION = 5.0;
				TARGETED_DEVICE_FAMILY = "1,2";
			};
			name = Debug;
		};
		93817BC327E0AFEB00209340 /* Release */ = {
			isa = XCBuildConfiguration;
			buildSettings = {
				ASSETCATALOG_COMPILER_APPICON_NAME = AppIcon;
				ASSETCATALOG_COMPILER_GLOBAL_ACCENT_COLOR_NAME = AccentColor;
				CODE_SIGN_STYLE = Automatic;
				CURRENT_PROJECT_VERSION = 1;
				GENERATE_INFOPLIST_FILE = YES;
				INFOPLIST_FILE = swiftSerieTV/Info.plist;
				INFOPLIST_KEY_UIApplicationSupportsIndirectInputEvents = YES;
				INFOPLIST_KEY_UILaunchStoryboardName = LaunchScreen;
				INFOPLIST_KEY_UIMainStoryboardFile = Main;
				INFOPLIST_KEY_UISupportedInterfaceOrientations_iPad = "UIInterfaceOrientationPortrait UIInterfaceOrientationPortraitUpsideDown UIInterfaceOrientationLandscapeLeft UIInterfaceOrientationLandscapeRight";
				INFOPLIST_KEY_UISupportedInterfaceOrientations_iPhone = "UIInterfaceOrientationPortrait UIInterfaceOrientationLandscapeLeft UIInterfaceOrientationLandscapeRight";
				LD_RUNPATH_SEARCH_PATHS = (
					"$(inherited)",
					"@executable_path/Frameworks",
				);
				MARKETING_VERSION = 1.0;
				PRODUCT_BUNDLE_IDENTIFIER = "pol-batou.swiftSerieTV";
				PRODUCT_NAME = "$(TARGET_NAME)";
				SWIFT_EMIT_LOC_STRINGS = YES;
				SWIFT_VERSION = 5.0;
				TARGETED_DEVICE_FAMILY = "1,2";
			};
			name = Release;
		};
		93817BC527E0AFEB00209340 /* Debug */ = {
			isa = XCBuildConfiguration;
			buildSettings = {
				ALWAYS_EMBED_SWIFT_STANDARD_LIBRARIES = YES;
				BUNDLE_LOADER = "$(TEST_HOST)";
				CODE_SIGN_STYLE = Automatic;
				CURRENT_PROJECT_VERSION = 1;
				GENERATE_INFOPLIST_FILE = YES;
				IPHONEOS_DEPLOYMENT_TARGET = 15.2;
				MARKETING_VERSION = 1.0;
				PRODUCT_BUNDLE_IDENTIFIER = "pol-batou.swiftSerieTVTests";
				PRODUCT_NAME = "$(TARGET_NAME)";
				SWIFT_EMIT_LOC_STRINGS = NO;
				SWIFT_VERSION = 5.0;
				TARGETED_DEVICE_FAMILY = "1,2";
				TEST_HOST = "$(BUILT_PRODUCTS_DIR)/swiftSerieTV.app/swiftSerieTV";
			};
			name = Debug;
		};
		93817BC627E0AFEB00209340 /* Release */ = {
			isa = XCBuildConfiguration;
			buildSettings = {
				ALWAYS_EMBED_SWIFT_STANDARD_LIBRARIES = YES;
				BUNDLE_LOADER = "$(TEST_HOST)";
				CODE_SIGN_STYLE = Automatic;
				CURRENT_PROJECT_VERSION = 1;
				GENERATE_INFOPLIST_FILE = YES;
				IPHONEOS_DEPLOYMENT_TARGET = 15.2;
				MARKETING_VERSION = 1.0;
				PRODUCT_BUNDLE_IDENTIFIER = "pol-batou.swiftSerieTVTests";
				PRODUCT_NAME = "$(TARGET_NAME)";
				SWIFT_EMIT_LOC_STRINGS = NO;
				SWIFT_VERSION = 5.0;
				TARGETED_DEVICE_FAMILY = "1,2";
				TEST_HOST = "$(BUILT_PRODUCTS_DIR)/swiftSerieTV.app/swiftSerieTV";
			};
			name = Release;
		};
		93817BC827E0AFEB00209340 /* Debug */ = {
			isa = XCBuildConfiguration;
			buildSettings = {
				ALWAYS_EMBED_SWIFT_STANDARD_LIBRARIES = YES;
				CODE_SIGN_STYLE = Automatic;
				CURRENT_PROJECT_VERSION = 1;
				GENERATE_INFOPLIST_FILE = YES;
				MARKETING_VERSION = 1.0;
				PRODUCT_BUNDLE_IDENTIFIER = "pol-batou.swiftSerieTVUITests";
				PRODUCT_NAME = "$(TARGET_NAME)";
				SWIFT_EMIT_LOC_STRINGS = NO;
				SWIFT_VERSION = 5.0;
				TARGETED_DEVICE_FAMILY = "1,2";
				TEST_TARGET_NAME = swiftSerieTV;
			};
			name = Debug;
		};
		93817BC927E0AFEB00209340 /* Release */ = {
			isa = XCBuildConfiguration;
			buildSettings = {
				ALWAYS_EMBED_SWIFT_STANDARD_LIBRARIES = YES;
				CODE_SIGN_STYLE = Automatic;
				CURRENT_PROJECT_VERSION = 1;
				GENERATE_INFOPLIST_FILE = YES;
				MARKETING_VERSION = 1.0;
				PRODUCT_BUNDLE_IDENTIFIER = "pol-batou.swiftSerieTVUITests";
				PRODUCT_NAME = "$(TARGET_NAME)";
				SWIFT_EMIT_LOC_STRINGS = NO;
				SWIFT_VERSION = 5.0;
				TARGETED_DEVICE_FAMILY = "1,2";
				TEST_TARGET_NAME = swiftSerieTV;
			};
			name = Release;
		};
/* End XCBuildConfiguration section */

/* Begin XCConfigurationList section */
		93817B9227E0AFEA00209340 /* Build configuration list for PBXProject "swiftSerieTV" */ = {
			isa = XCConfigurationList;
			buildConfigurations = (
				93817BBF27E0AFEB00209340 /* Debug */,
				93817BC027E0AFEB00209340 /* Release */,
			);
			defaultConfigurationIsVisible = 0;
			defaultConfigurationName = Release;
		};
		93817BC127E0AFEB00209340 /* Build configuration list for PBXNativeTarget "swiftSerieTV" */ = {
			isa = XCConfigurationList;
			buildConfigurations = (
				93817BC227E0AFEB00209340 /* Debug */,
				93817BC327E0AFEB00209340 /* Release */,
			);
			defaultConfigurationIsVisible = 0;
			defaultConfigurationName = Release;
		};
		93817BC427E0AFEB00209340 /* Build configuration list for PBXNativeTarget "swiftSerieTVTests" */ = {
			isa = XCConfigurationList;
			buildConfigurations = (
				93817BC527E0AFEB00209340 /* Debug */,
				93817BC627E0AFEB00209340 /* Release */,
			);
			defaultConfigurationIsVisible = 0;
			defaultConfigurationName = Release;
		};
		93817BC727E0AFEB00209340 /* Build configuration list for PBXNativeTarget "swiftSerieTVUITests" */ = {
			isa = XCConfigurationList;
			buildConfigurations = (
				93817BC827E0AFEB00209340 /* Debug */,
				93817BC927E0AFEB00209340 /* Release */,
			);
			defaultConfigurationIsVisible = 0;
			defaultConfigurationName = Release;
		};
/* End XCConfigurationList section */
	};
	rootObject = 93817B8F27E0AFEA00209340 /* Project object */;
}
